
Microsoft Visual Studio Solution File, Format Version 12.00
# Visual Studio Version 17
VisualStudioVersion = 17.13.35931.197 d17.13
MinimumVisualStudioVersion = 10.0.40219.1
Project("{FAE04EC0-301F-11D3-BF4B-00C04F79EFBC}") = "Bicicletas-C#", "Bicicletas-C#\Bicicletas-C#.csproj", "{7860830E-F800-4E12-BF90-1AE624DF2C72}"
EndProject
Global
	GlobalSection(SolutionConfigurationPlatforms) = preSolution
		Debug|Any CPU = Debug|Any CPU
		Release|Any CPU = Release|Any CPU
	EndGlobalSection
	GlobalSection(ProjectConfigurationPlatforms) = postSolution
		{7860830E-F800-4E12-BF90-1AE624DF2C72}.Debug|Any CPU.ActiveCfg = Debug|Any CPU
		{7860830E-F800-4E12-BF90-1AE624DF2C72}.Debug|Any CPU.Build.0 = Debug|Any CPU
		{7860830E-F800-4E12-BF90-1AE624DF2C72}.Release|Any CPU.ActiveCfg = Release|Any CPU
		{7860830E-F800-4E12-BF90-1AE624DF2C72}.Release|Any CPU.Build.0 = Release|Any CPU
	EndGlobalSection
	GlobalSection(SolutionProperties) = preSolution
		HideSolutionNode = FALSE
	EndGlobalSection
	GlobalSection(ExtensibilityGlobals) = postSolution
		SolutionGuid = {F48AD3AD-3766-408C-8D25-BECEC132AC9E}
	EndGlobalSection
EndGlobal
